# This is a Gradle generated file for dependency locking.
# Manual edits can break the build and are not advised.
# This file is expected to be part of source control.
backport-util-concurrent:backport-util-concurrent:3.1
classworlds:classworlds:1.1-alpha-2
com.fasterxml.jackson.core:jackson-annotations:2.9.0
com.fasterxml.jackson.core:jackson-core:2.9.5
com.fasterxml.jackson.core:jackson-databind:2.9.5
com.github.hierynomus.license:com.github.hierynomus.license.gradle.plugin:0.15.0
com.google.code.findbugs:jsr305:3.0.2
com.google.gradle:osdetector-gradle-plugin:1.6.2
com.google.guava:guava:20.0
com.googlecode.javaewah:JavaEWAH:0.7.9
com.gradle.build-scan:com.gradle.build-scan.gradle.plugin:2.0.2
com.gradle:build-scan-plugin:2.0.2
com.jcraft:jsch:0.1.53
com.jfrog.bintray.gradle:gradle-bintray-plugin:1.8.4
com.mycila.xmltool:xmltool:3.3
com.mycila:license-maven-plugin:3.0
com.mycila:mycila-xmltool:4.4.ga
com.palantir.git-version:com.palantir.git-version.gradle.plugin:0.12.0-rc2
com.thoughtworks.xstream:xstream:1.4.10
commons-beanutils:commons-beanutils:1.8.0
commons-codec:commons-codec:1.9
commons-collections:commons-collections:3.2.1
commons-io:commons-io:2.2
commons-lang:commons-lang:2.4
commons-logging:commons-logging:1.2
gradle.plugin.com.hierynomus.gradle.plugins:license-gradle-plugin:0.15.0
gradle.plugin.com.palantir.gradle.gitversion:gradle-git-version:0.12.0-rc2
io.spring.dependency-management:io.spring.dependency-management.gradle.plugin:1.0.7.RELEASE
io.spring.gradle:dependency-management-plugin:1.0.7.RELEASE
junit:junit:3.8.1
kr.motd.maven:os-maven-plugin:1.6.2
nekohtml:nekohtml:1.9.6.2
nekohtml:xercesMinimal:1.9.6.2
net.sf.ezmorph:ezmorph:1.0.6
net.sf.json-lib:json-lib:2.3
net.sourceforge.nekohtml:nekohtml:1.9.16
org.apache.ant:ant-launcher:1.8.0
org.apache.ant:ant:1.8.0
org.apache.commons:commons-compress:1.16
org.apache.commons:commons-pool2:2.2
org.apache.httpcomponents:httpclient:4.5.2
org.apache.httpcomponents:httpcore:4.4.5
org.apache.ivy:ivy:2.2.0
org.apache.maven.wagon:wagon-file:1.0-beta-6
org.apache.maven.wagon:wagon-http-lightweight:1.0-beta-6
org.apache.maven.wagon:wagon-http-shared:1.0-beta-6
org.apache.maven.wagon:wagon-provider-api:1.0-beta-6
org.apache.maven:maven-ant-tasks:2.1.3
org.apache.maven:maven-artifact-manager:2.2.1
org.apache.maven:maven-artifact:2.2.1
org.apache.maven:maven-error-diagnostics:2.2.1
org.apache.maven:maven-model:2.2.1
org.apache.maven:maven-plugin-registry:2.2.1
org.apache.maven:maven-profile:2.2.1
org.apache.maven:maven-project:2.2.1
org.apache.maven:maven-repository-metadata:2.2.1
org.apache.maven:maven-settings-builder:3.0.4
org.apache.maven:maven-settings:3.0.4
org.codehaus.groovy.modules.http-builder:http-builder:0.7.2
org.codehaus.groovy:groovy-all:2.4.12
org.codehaus.plexus:plexus-component-annotations:1.5.5
org.codehaus.plexus:plexus-container-default:1.0-alpha-9-stable-1
org.codehaus.plexus:plexus-interpolation:1.14
org.codehaus.plexus:plexus-utils:2.0.6
org.eclipse.jgit:org.eclipse.jgit:4.5.4.201711221230-r
org.jfrog.buildinfo:build-info-api:2.12.1
org.jfrog.buildinfo:build-info-client:2.12.1
org.jfrog.buildinfo:build-info-extractor-gradle:4.8.1
org.jfrog.buildinfo:build-info-extractor:2.12.1
org.objenesis:objenesis:2.6
org.slf4j:slf4j-api:1.7.2
org.sonatype.plexus:plexus-cipher:1.4
org.sonatype.plexus:plexus-sec-dispatcher:1.3
org.springframework:spring-asm:3.1.3.RELEASE
org.springframework:spring-core:3.1.3.RELEASE
xerces:xercesImpl:2.9.1
xml-resolver:xml-resolver:1.2
xmlpull:xmlpull:1.1.3.1
xpp3:xpp3_min:1.1.4c
